// !$*UTF8*$!
{
	archiveVersion = 1;
	classes = {
	};
	objectVersion = 55;
	objects = {

/* Begin PBXBuildFile section */
		1331770E28535C720094B61E /* HW3_3App.swift in Sources */ = {isa = PBXBuildFile; fileRef = 1331770D28535C720094B61E /* HW3_3App.swift */; };
		1331771028535C720094B61E /* StartView.swift in Sources */ = {isa = PBXBuildFile; fileRef = 1331770F28535C720094B61E /* StartView.swift */; };
		1331771228535C720094B61E /* Assets.xcassets in Resources */ = {isa = PBXBuildFile; fileRef = 1331771128535C720094B61E /* Assets.xcassets */; };
		1331771528535C720094B61E /* Preview Assets.xcassets in Resources */ = {isa = PBXBuildFile; fileRef = 1331771428535C720094B61E /* Preview Assets.xcassets */; };
		1331771C28535D2C0094B61E /* RegisterView.swift in Sources */ = {isa = PBXBuildFile; fileRef = 1331771B28535D2C0094B61E /* RegisterView.swift */; };
		1331771E28535FD90094B61E /* TimerView.swift in Sources */ = {isa = PBXBuildFile; fileRef = 1331771D28535FD90094B61E /* TimerView.swift */; };
		13317720285360030094B61E /* TimerCounter.swift in Sources */ = {isa = PBXBuildFile; fileRef = 1331771F285360030094B61E /* TimerCounter.swift */; };
		13317722285360890094B61E /* ButtonView.swift in Sources */ = {isa = PBXBuildFile; fileRef = 13317721285360890094B61E /* ButtonView.swift */; };
		13317724285361E70094B61E /* UserManager.swift in Sources */ = {isa = PBXBuildFile; fileRef = 13317723285361E70094B61E /* UserManager.swift */; };
		13317726285362A80094B61E /* User.swift in Sources */ = {isa = PBXBuildFile; fileRef = 13317725285362A80094B61E /* User.swift */; };
		133177282853691D0094B61E /* StorageManager.swift in Sources */ = {isa = PBXBuildFile; fileRef = 133177272853691D0094B61E /* StorageManager.swift */; };
/* End PBXBuildFile section */

/* Begin PBXFileReference section */
		1331770A28535C720094B61E /* HW3.3.app */ = {isa = PBXFileReference; explicitFileType = wrapper.application; includeInIndex = 0; path = HW3.3.app; sourceTree = BUILT_PRODUCTS_DIR; };
		1331770D28535C720094B61E /* HW3_3App.swift */ = {isa = PBXFileReference; lastKnownFileType = sourcecode.swift; path = HW3_3App.swift; sourceTree = "<group>"; };
		1331770F28535C720094B61E /* StartView.swift */ = {isa = PBXFileReference; lastKnownFileType = sourcecode.swift; path = StartView.swift; sourceTree = "<group>"; };
		1331771128535C720094B61E /* Assets.xcassets */ = {isa = PBXFileReference; lastKnownFileType = folder.assetcatalog; path = Assets.xcassets; sourceTree = "<group>"; };
		1331771428535C720094B61E /* Preview Assets.xcassets */ = {isa = PBXFileReference; lastKnownFileType = folder.assetcatalog; path = "Preview Assets.xcassets"; sourceTree = "<group>"; };
		1331771B28535D2C0094B61E /* RegisterView.swift */ = {isa = PBXFileReference; lastKnownFileType = sourcecode.swift; path = RegisterView.swift; sourceTree = "<group>"; };
		1331771D28535FD90094B61E /* TimerView.swift */ = {isa = PBXFileReference; lastKnownFileType = sourcecode.swift; path = TimerView.swift; sourceTree = "<group>"; };
		1331771F285360030094B61E /* TimerCounter.swift */ = {isa = PBXFileReference; lastKnownFileType = sourcecode.swift; path = TimerCounter.swift; sourceTree = "<group>"; };
		13317721285360890094B61E /* ButtonView.swift */ = {isa = PBXFileReference; lastKnownFileType = sourcecode.swift; path = ButtonView.swift; sourceTree = "<group>"; };
		13317723285361E70094B61E /* UserManager.swift */ = {isa = PBXFileReference; lastKnownFileType = sourcecode.swift; path = UserManager.swift; sourceTree = "<group>"; };
		13317725285362A80094B61E /* User.swift */ = {isa = PBXFileReference; lastKnownFileType = sourcecode.swift; path = User.swift; sourceTree = "<group>"; };
		133177272853691D0094B61E /* StorageManager.swift */ = {isa = PBXFileReference; lastKnownFileType = sourcecode.swift; path = StorageManager.swift; sourceTree = "<group>"; };
/* End PBXFileReference section */

/* Begin PBXFrameworksBuildPhase section */
		1331770728535C720094B61E /* Frameworks */ = {
			isa = PBXFrameworksBuildPhase;
			buildActionMask = 2147483647;
			files = (
			);
			runOnlyForDeploymentPostprocessing = 0;
		};
/* End PBXFrameworksBuildPhase section */

/* Begin PBXGroup section */
		1331770128535C720094B61E = {
			isa = PBXGroup;
			children = (
				1331770C28535C720094B61E /* HW3.3 */,
				1331770B28535C720094B61E /* Products */,
			);
			sourceTree = "<group>";
		};
		1331770B28535C720094B61E /* Products */ = {
			isa = PBXGroup;
			children = (
				1331770A28535C720094B61E /* HW3.3.app */,
			);
			name = Products;
			sourceTree = "<group>";
		};
		1331770C28535C720094B61E /* HW3.3 */ = {
			isa = PBXGroup;
			children = (
				1331770D28535C720094B61E /* HW3_3App.swift */,
				1331772A285374250094B61E /* Services */,
				133177292853740E0094B61E /* Model */,
				1331772B285374DF0094B61E /* Views */,
				1331771128535C720094B61E /* Assets.xcassets */,
				1331771328535C720094B61E /* Preview Content */,
			);
			path = HW3.3;
			sourceTree = "<group>";
		};
		1331771328535C720094B61E /* Preview Content */ = {
			isa = PBXGroup;
			children = (
				1331771428535C720094B61E /* Preview Assets.xcassets */,
			);
			path = "Preview Content";
			sourceTree = "<group>";
		};
		133177292853740E0094B61E /* Model */ = {
			isa = PBXGroup;
			children = (
				13317725285362A80094B61E /* User.swift */,
			);
			path = Model;
			sourceTree = "<group>";
		};
		1331772A285374250094B61E /* Services */ = {
			isa = PBXGroup;
			children = (
				13317723285361E70094B61E /* UserManager.swift */,
				133177272853691D0094B61E /* StorageManager.swift */,
				1331771F285360030094B61E /* TimerCounter.swift */,
			);
			path = Services;
			sourceTree = "<group>";
		};
		1331772B285374DF0094B61E /* Views */ = {
			isa = PBXGroup;
			children = (
				1331770F28535C720094B61E /* StartView.swift */,
				1331771B28535D2C0094B61E /* RegisterView.swift */,
				1331771D28535FD90094B61E /* TimerView.swift */,
				13317721285360890094B61E /* ButtonView.swift */,
			);
			path = Views;
			sourceTree = "<group>";
		};
/* End PBXGroup section */

/* Begin PBXNativeTarget section */
		1331770928535C720094B61E /* HW3.3 */ = {
			isa = PBXNativeTarget;
			buildConfigurationList = 1331771828535C720094B61E /* Build configuration list for PBXNativeTarget "HW3.3" */;
			buildPhases = (
				1331770628535C720094B61E /* Sources */,
				1331770728535C720094B61E /* Frameworks */,
				1331770828535C720094B61E /* Resources */,
			);
			buildRules = (
			);
			dependencies = (
			);
			name = HW3.3;
			productName = HW3.3;
			productReference = 1331770A28535C720094B61E /* HW3.3.app */;
			productType = "com.apple.product-type.application";
		};
/* End PBXNativeTarget section */

/* Begin PBXProject section */
		1331770228535C720094B61E /* Project object */ = {
			isa = PBXProject;
			attributes = {
				BuildIndependentTargetsInParallel = 1;
				LastSwiftUpdateCheck = 1340;
				LastUpgradeCheck = 1340;
				TargetAttributes = {
					1331770928535C720094B61E = {
						CreatedOnToolsVersion = 13.4.1;
					};
				};
			};
			buildConfigurationList = 1331770528535C720094B61E /* Build configuration list for PBXProject "HW3.3" */;
			compatibilityVersion = "Xcode 13.0";
			developmentRegion = en;
			hasScannedForEncodings = 0;
			knownRegions = (
				en,
				Base,
			);
			mainGroup = 1331770128535C720094B61E;
			productRefGroup = 1331770B28535C720094B61E /* Products */;
			projectDirPath = "";
			projectRoot = "";
			targets = (
				1331770928535C720094B61E /* HW3.3 */,
			);
		};
/* End PBXProject section */

/* Begin PBXResourcesBuildPhase section */
		1331770828535C720094B61E /* Resources */ = {
			isa = PBXResourcesBuildPhase;
			buildActionMask = 2147483647;
			files = (
				1331771528535C720094B61E /* Preview Assets.xcassets in Resources */,
				1331771228535C720094B61E /* Assets.xcassets in Resources */,
			);
			runOnlyForDeploymentPostprocessing = 0;
		};
/* End PBXResourcesBuildPhase section */

/* Begin PBXSourcesBuildPhase section */
		1331770628535C720094B61E /* Sources */ = {
			isa = PBXSourcesBuildPhase;
			buildActionMask = 2147483647;
			files = (
				13317720285360030094B61E /* TimerCounter.swift in Sources */,
				1331771C28535D2C0094B61E /* RegisterView.swift in Sources */,
				13317724285361E70094B61E /* UserManager.swift in Sources */,
				133177282853691D0094B61E /* StorageManager.swift in Sources */,
				13317722285360890094B61E /* ButtonView.swift in Sources */,
				13317726285362A80094B61E /* User.swift in Sources */,
				1331771028535C720094B61E /* StartView.swift in Sources */,
				1331771E28535FD90094B61E /* TimerView.swift in Sources */,
				1331770E28535C720094B61E /* HW3_3App.swift in Sources */,
			);
			runOnlyForDeploymentPostprocessing = 0;
		};
/* End PBXSourcesBuildPhase section */

/* Begin XCBuildConfiguration section */
		1331771628535C720094B61E /* Debug */ = {
			isa = XCBuildConfiguration;
			buildSettings = {
				ALWAYS_SEARCH_USER_PATHS = NO;
				CLANG_ANALYZER_NONNULL = YES;
				CLANG_ANALYZER_NUMBER_OBJECT_CONVERSION = YES_AGGRESSIVE;
				CLANG_CXX_LANGUAGE_STANDARD = "gnu++17";
				CLANG_ENABLE_MODULES = YES;
				CLANG_ENABLE_OBJC_ARC = YES;
				CLANG_ENABLE_OBJC_WEAK = YES;
				CLANG_WARN_BLOCK_CAPTURE_AUTORELEASING = YES;
				CLANG_WARN_BOOL_CONVERSION = YES;
				CLANG_WARN_COMMA = YES;
				CLANG_WARN_CONSTANT_CONVERSION = YES;
				CLANG_WARN_DEPRECATED_OBJC_IMPLEMENTATIONS = YES;
				CLANG_WARN_DIRECT_OBJC_ISA_USAGE = YES_ERROR;
				CLANG_WARN_DOCUMENTATION_COMMENTS = YES;
				CLANG_WARN_EMPTY_BODY = YES;
				CLANG_WARN_ENUM_CONVERSION = YES;
				CLANG_WARN_INFINITE_RECURSION = YES;
				CLANG_WARN_INT_CONVERSION = YES;
				CLANG_WARN_NON_LITERAL_NULL_CONVERSION = YES;
				CLANG_WARN_OBJC_IMPLICIT_RETAIN_SELF = YES;
				CLANG_WARN_OBJC_LITERAL_CONVERSION = YES;
				CLANG_WARN_OBJC_ROOT_CLASS = YES_ERROR;
				CLANG_WARN_QUOTED_INCLUDE_IN_FRAMEWORK_HEADER = YES;
				CLANG_WARN_RANGE_LOOP_ANALYSIS = YES;
				CLANG_WARN_STRICT_PROTOTYPES = YES;
				CLANG_WARN_SUSPICIOUS_MOVE = YES;
				CLANG_WARN_UNGUARDED_AVAILABILITY = YES_AGGRESSIVE;
				CLANG_WARN_UNREACHABLE_CODE = YES;
				CLANG_WARN__DUPLICATE_METHOD_MATCH = YES;
				COPY_PHASE_STRIP = NO;
				DEBUG_INFORMATION_FORMAT = dwarf;
				ENABLE_STRICT_OBJC_MSGSEND = YES;
				ENABLE_TESTABILITY = YES;
				GCC_C_LANGUAGE_STANDARD = gnu11;
				GCC_DYNAMIC_NO_PIC = NO;
				GCC_NO_COMMON_BLOCKS = YES;
				GCC_OPTIMIZATION_LEVEL = 0;
				GCC_PREPROCESSOR_DEFINITIONS = (
					"DEBUG=1",
					"$(inherited)",
				);
				GCC_WARN_64_TO_32_BIT_CONVERSION = YES;
				GCC_WARN_ABOUT_RETURN_TYPE = YES_ERROR;
				GCC_WARN_UNDECLARED_SELECTOR = YES;
				GCC_WARN_UNINITIALIZED_AUTOS = YES_AGGRESSIVE;
				GCC_WARN_UNUSED_FUNCTION = YES;
				GCC_WARN_UNUSED_VARIABLE = YES;
				IPHONEOS_DEPLOYMENT_TARGET = 15.5;
				MTL_ENABLE_DEBUG_INFO = INCLUDE_SOURCE;
				MTL_FAST_MATH = YES;
				ONLY_ACTIVE_ARCH = YES;
				SDKROOT = iphoneos;
				SWIFT_ACTIVE_COMPILATION_CONDITIONS = DEBUG;
				SWIFT_OPTIMIZATION_LEVEL = "-Onone";
			};
			name = Debug;
		};
		1331771728535C720094B61E /* Release */ = {
			isa = XCBuildConfiguration;
			buildSettings = {
				ALWAYS_SEARCH_USER_PATHS = NO;
				CLANG_ANALYZER_NONNULL = YES;
				CLANG_ANALYZER_NUMBER_OBJECT_CONVERSION = YES_AGGRESSIVE;
				CLANG_CXX_LANGUAGE_STANDARD = "gnu++17";
				CLANG_ENABLE_MODULES = YES;
				CLANG_ENABLE_OBJC_ARC = YES;
				CLANG_ENABLE_OBJC_WEAK = YES;
				CLANG_WARN_BLOCK_CAPTURE_AUTORELEASING = YES;
				CLANG_WARN_BOOL_CONVERSION = YES;
				CLANG_WARN_COMMA = YES;
				CLANG_WARN_CONSTANT_CONVERSION = YES;
				CLANG_WARN_DEPRECATED_OBJC_IMPLEMENTATIONS = YES;
				CLANG_WARN_DIRECT_OBJC_ISA_USAGE = YES_ERROR;
				CLANG_WARN_DOCUMENTATION_COMMENTS = YES;
				CLANG_WARN_EMPTY_BODY = YES;
				CLANG_WARN_ENUM_CONVERSION = YES;
				CLANG_WARN_INFINITE_RECURSION = YES;
				CLANG_WARN_INT_CONVERSION = YES;
				CLANG_WARN_NON_LITERAL_NULL_CONVERSION = YES;
				CLANG_WARN_OBJC_IMPLICIT_RETAIN_SELF = YES;
				CLANG_WARN_OBJC_LITERAL_CONVERSION = YES;
				CLANG_WARN_OBJC_ROOT_CLASS = YES_ERROR;
				CLANG_WARN_QUOTED_INCLUDE_IN_FRAMEWORK_HEADER = YES;
				CLANG_WARN_RANGE_LOOP_ANALYSIS = YES;
				CLANG_WARN_STRICT_PROTOTYPES = YES;
				CLANG_WARN_SUSPICIOUS_MOVE = YES;
				CLANG_WARN_UNGUARDED_AVAILABILITY = YES_AGGRESSIVE;
				CLANG_WARN_UNREACHABLE_CODE = YES;
				CLANG_WARN__DUPLICATE_METHOD_MATCH = YES;
				COPY_PHASE_STRIP = NO;
				DEBUG_INFORMATION_FORMAT = "dwarf-with-dsym";
				ENABLE_NS_ASSERTIONS = NO;
				ENABLE_STRICT_OBJC_MSGSEND = YES;
				GCC_C_LANGUAGE_STANDARD = gnu11;
				GCC_NO_COMMON_BLOCKS = YES;
				GCC_WARN_64_TO_32_BIT_CONVERSION = YES;
				GCC_WARN_ABOUT_RETURN_TYPE = YES_ERROR;
				GCC_WARN_UNDECLARED_SELECTOR = YES;
				GCC_WARN_UNINITIALIZED_AUTOS = YES_AGGRESSIVE;
				GCC_WARN_UNUSED_FUNCTION = YES;
				GCC_WARN_UNUSED_VARIABLE = YES;
				IPHONEOS_DEPLOYMENT_TARGET = 15.5;
				MTL_ENABLE_DEBUG_INFO = NO;
				MTL_FAST_MATH = YES;
				SDKROOT = iphoneos;
				SWIFT_COMPILATION_MODE = wholemodule;
				SWIFT_OPTIMIZATION_LEVEL = "-O";
				VALIDATE_PRODUCT = YES;
			};
			name = Release;
		};
		1331771928535C720094B61E /* Debug */ = {
			isa = XCBuildConfiguration;
			buildSettings = {
				ASSETCATALOG_COMPILER_APPICON_NAME = AppIcon;
				ASSETCATALOG_COMPILER_GLOBAL_ACCENT_COLOR_NAME = AccentColor;
				CODE_SIGN_STYLE = Automatic;
				CURRENT_PROJECT_VERSION = 1;
				DEVELOPMENT_ASSET_PATHS = "\"HW3.3/Preview Content\"";
				DEVELOPMENT_TEAM = 7BXUMAVX9N;
				ENABLE_PREVIEWS = YES;
				GENERATE_INFOPLIST_FILE = YES;
				INFOPLIST_KEY_UIApplicationSceneManifest_Generation = YES;
				INFOPLIST_KEY_UIApplicationSupportsIndirectInputEvents = YES;
				INFOPLIST_KEY_UILaunchScreen_Generation = YES;
				INFOPLIST_KEY_UISupportedInterfaceOrientations_iPad = "UIInterfaceOrientationPortrait UIInterfaceOrientationPortraitUpsideDown UIInterfaceOrientationLandscapeLeft UIInterfaceOrientationLandscapeRight";
				INFOPLIST_KEY_UISupportedInterfaceOrientations_iPhone = "UIInterfaceOrientationPortrait UIInterfaceOrientationLandscapeLeft UIInterfaceOrientationLandscapeRight";
				LD_RUNPATH_SEARCH_PATHS = (
					"$(inherited)",
					"@executable_path/Frameworks",
				);
				MARKETING_VERSION = 1.0;
				PRODUCT_BUNDLE_IDENTIFIER = "areybrsk.HW3-3";
				PRODUCT_NAME = "$(TARGET_NAME)";
				SWIFT_EMIT_LOC_STRINGS = YES;
				SWIFT_VERSION = 5.0;
				TARGETED_DEVICE_FAMILY = "1,2";
			};
			name = Debug;
		};
		1331771A28535C720094B61E /* Release */ = {
			isa = XCBuildConfiguration;
			buildSettings = {
				ASSETCATALOG_COMPILER_APPICON_NAME = AppIcon;
				ASSETCATALOG_COMPILER_GLOBAL_ACCENT_COLOR_NAME = AccentColor;
				CODE_SIGN_STYLE = Automatic;
				CURRENT_PROJECT_VERSION = 1;
				DEVELOPMENT_ASSET_PATHS = "\"HW3.3/Preview Content\"";
				DEVELOPMENT_TEAM = 7BXUMAVX9N;
				ENABLE_PREVIEWS = YES;
				GENERATE_INFOPLIST_FILE = YES;
				INFOPLIST_KEY_UIApplicationSceneManifest_Generation = YES;
				INFOPLIST_KEY_UIApplicationSupportsIndirectInputEvents = YES;
				INFOPLIST_KEY_UILaunchScreen_Generation = YES;
				INFOPLIST_KEY_UISupportedInterfaceOrientations_iPad = "UIInterfaceOrientationPortrait UIInterfaceOrientationPortraitUpsideDown UIInterfaceOrientationLandscapeLeft UIInterfaceOrientationLandscapeRight";
				INFOPLIST_KEY_UISupportedInterfaceOrientations_iPhone = "UIInterfaceOrientationPortrait UIInterfaceOrientationLandscapeLeft UIInterfaceOrientationLandscapeRight";
				LD_RUNPATH_SEARCH_PATHS = (
					"$(inherited)",
					"@executable_path/Frameworks",
				);
				MARKETING_VERSION = 1.0;
				PRODUCT_BUNDLE_IDENTIFIER = "areybrsk.HW3-3";
				PRODUCT_NAME = "$(TARGET_NAME)";
				SWIFT_EMIT_LOC_STRINGS = YES;
				SWIFT_VERSION = 5.0;
				TARGETED_DEVICE_FAMILY = "1,2";
			};
			name = Release;
		};
/* End XCBuildConfiguration section */

/* Begin XCConfigurationList section */
		1331770528535C720094B61E /* Build configuration list for PBXProject "HW3.3" */ = {
			isa = XCConfigurationList;
			buildConfigurations = (
				1331771628535C720094B61E /* Debug */,
				1331771728535C720094B61E /* Release */,
			);
			defaultConfigurationIsVisible = 0;
			defaultConfigurationName = Release;
		};
		1331771828535C720094B61E /* Build configuration list for PBXNativeTarget "HW3.3" */ = {
			isa = XCConfigurationList;
			buildConfigurations = (
				1331771928535C720094B61E /* Debug */,
				1331771A28535C720094B61E /* Release */,
			);
			defaultConfigurationIsVisible = 0;
			defaultConfigurationName = Release;
		};
/* End XCConfigurationList section */
	};
	rootObject = 1331770228535C720094B61E /* Project object */;
}
